// !$*UTF8*$!
{
	archiveVersion = 1;
	classes = {
	};
	objectVersion = 50;
	objects = {

/* Begin PBXBuildFile section */
		5B63BBD727AEEDC800BECA22 /* AppDelegate.swift in Sources */ = {isa = PBXBuildFile; fileRef = 5B63BBD627AEEDC800BECA22 /* AppDelegate.swift */; };
		5B63BBD927AEEDC800BECA22 /* SceneDelegate.swift in Sources */ = {isa = PBXBuildFile; fileRef = 5B63BBD827AEEDC800BECA22 /* SceneDelegate.swift */; };
		5B63BBDB27AEEDC800BECA22 /* ViewController.swift in Sources */ = {isa = PBXBuildFile; fileRef = 5B63BBDA27AEEDC800BECA22 /* ViewController.swift */; };
		5B63BBE027AEEDCB00BECA22 /* Assets.xcassets in Resources */ = {isa = PBXBuildFile; fileRef = 5B63BBDF27AEEDCB00BECA22 /* Assets.xcassets */; };
		5B63BBE327AEEDCB00BECA22 /* LaunchScreen.storyboard in Resources */ = {isa = PBXBuildFile; fileRef = 5B63BBE127AEEDCB00BECA22 /* LaunchScreen.storyboard */; };
		5B63BBEB27AEF0C400BECA22 /* TransitioningDelegate.swift in Sources */ = {isa = PBXBuildFile; fileRef = 5B63BBEA27AEF0C400BECA22 /* TransitioningDelegate.swift */; };
		5B63BBED27AEFBD000BECA22 /* PresentationController.swift in Sources */ = {isa = PBXBuildFile; fileRef = 5B63BBEC27AEFBD000BECA22 /* PresentationController.swift */; };
		5B63BBEF27AF203F00BECA22 /* DimmedPresentationController.swift in Sources */ = {isa = PBXBuildFile; fileRef = 5B63BBEE27AF203F00BECA22 /* DimmedPresentationController.swift */; };
		5B63BBF127AF207200BECA22 /* DimmedView.swift in Sources */ = {isa = PBXBuildFile; fileRef = 5B63BBF027AF207200BECA22 /* DimmedView.swift */; };
		5B63BBF327AF2A6C00BECA22 /* PresentAnimation.swift in Sources */ = {isa = PBXBuildFile; fileRef = 5B63BBF227AF2A6C00BECA22 /* PresentAnimation.swift */; };
		5B63BBF527AF305800BECA22 /* PresentedViewController.swift in Sources */ = {isa = PBXBuildFile; fileRef = 5B63BBF427AF305800BECA22 /* PresentedViewController.swift */; };
		5B63BBF727AF307900BECA22 /* PresentedView.swift in Sources */ = {isa = PBXBuildFile; fileRef = 5B63BBF627AF307900BECA22 /* PresentedView.swift */; };
		5B63BBF927AF35EA00BECA22 /* DismissAnimation.swift in Sources */ = {isa = PBXBuildFile; fileRef = 5B63BBF827AF35EA00BECA22 /* DismissAnimation.swift */; };
/* End PBXBuildFile section */

/* Begin PBXFileReference section */
		5B63BBD327AEEDC800BECA22 /* CustomTransition.app */ = {isa = PBXFileReference; explicitFileType = wrapper.application; includeInIndex = 0; path = CustomTransition.app; sourceTree = BUILT_PRODUCTS_DIR; };
		5B63BBD627AEEDC800BECA22 /* AppDelegate.swift */ = {isa = PBXFileReference; lastKnownFileType = sourcecode.swift; path = AppDelegate.swift; sourceTree = "<group>"; };
		5B63BBD827AEEDC800BECA22 /* SceneDelegate.swift */ = {isa = PBXFileReference; lastKnownFileType = sourcecode.swift; path = SceneDelegate.swift; sourceTree = "<group>"; };
		5B63BBDA27AEEDC800BECA22 /* ViewController.swift */ = {isa = PBXFileReference; lastKnownFileType = sourcecode.swift; path = ViewController.swift; sourceTree = "<group>"; };
		5B63BBDF27AEEDCB00BECA22 /* Assets.xcassets */ = {isa = PBXFileReference; lastKnownFileType = folder.assetcatalog; path = Assets.xcassets; sourceTree = "<group>"; };
		5B63BBE227AEEDCB00BECA22 /* Base */ = {isa = PBXFileReference; lastKnownFileType = file.storyboard; name = Base; path = Base.lproj/LaunchScreen.storyboard; sourceTree = "<group>"; };
		5B63BBE427AEEDCB00BECA22 /* Info.plist */ = {isa = PBXFileReference; lastKnownFileType = text.plist.xml; path = Info.plist; sourceTree = "<group>"; };
		5B63BBEA27AEF0C400BECA22 /* TransitioningDelegate.swift */ = {isa = PBXFileReference; lastKnownFileType = sourcecode.swift; path = TransitioningDelegate.swift; sourceTree = "<group>"; };
		5B63BBEC27AEFBD000BECA22 /* PresentationController.swift */ = {isa = PBXFileReference; lastKnownFileType = sourcecode.swift; path = PresentationController.swift; sourceTree = "<group>"; };
		5B63BBEE27AF203F00BECA22 /* DimmedPresentationController.swift */ = {isa = PBXFileReference; lastKnownFileType = sourcecode.swift; path = DimmedPresentationController.swift; sourceTree = "<group>"; };
		5B63BBF027AF207200BECA22 /* DimmedView.swift */ = {isa = PBXFileReference; lastKnownFileType = sourcecode.swift; path = DimmedView.swift; sourceTree = "<group>"; };
		5B63BBF227AF2A6C00BECA22 /* PresentAnimation.swift */ = {isa = PBXFileReference; lastKnownFileType = sourcecode.swift; path = PresentAnimation.swift; sourceTree = "<group>"; };
		5B63BBF427AF305800BECA22 /* PresentedViewController.swift */ = {isa = PBXFileReference; lastKnownFileType = sourcecode.swift; path = PresentedViewController.swift; sourceTree = "<group>"; };
		5B63BBF627AF307900BECA22 /* PresentedView.swift */ = {isa = PBXFileReference; lastKnownFileType = sourcecode.swift; path = PresentedView.swift; sourceTree = "<group>"; };
		5B63BBF827AF35EA00BECA22 /* DismissAnimation.swift */ = {isa = PBXFileReference; lastKnownFileType = sourcecode.swift; path = DismissAnimation.swift; sourceTree = "<group>"; };
/* End PBXFileReference section */

/* Begin PBXFrameworksBuildPhase section */
		5B63BBD027AEEDC800BECA22 /* Frameworks */ = {
			isa = PBXFrameworksBuildPhase;
			buildActionMask = 2147483647;
			files = (
			);
			runOnlyForDeploymentPostprocessing = 0;
		};
/* End PBXFrameworksBuildPhase section */

/* Begin PBXGroup section */
		5B63BBCA27AEEDC800BECA22 = {
			isa = PBXGroup;
			children = (
				5B63BBD527AEEDC800BECA22 /* CustomTransition */,
				5B63BBD427AEEDC800BECA22 /* Products */,
			);
			sourceTree = "<group>";
		};
		5B63BBD427AEEDC800BECA22 /* Products */ = {
			isa = PBXGroup;
			children = (
				5B63BBD327AEEDC800BECA22 /* CustomTransition.app */,
			);
			name = Products;
			sourceTree = "<group>";
		};
		5B63BBD527AEEDC800BECA22 /* CustomTransition */ = {
			isa = PBXGroup;
			children = (
				5B63BBD627AEEDC800BECA22 /* AppDelegate.swift */,
				5B63BBD827AEEDC800BECA22 /* SceneDelegate.swift */,
				5B63BBDA27AEEDC800BECA22 /* ViewController.swift */,
				5B63BBF427AF305800BECA22 /* PresentedViewController.swift */,
				5B63BBF627AF307900BECA22 /* PresentedView.swift */,
				5B63BBEA27AEF0C400BECA22 /* TransitioningDelegate.swift */,
				5B63BBEC27AEFBD000BECA22 /* PresentationController.swift */,
				5B63BBEE27AF203F00BECA22 /* DimmedPresentationController.swift */,
				5B63BBF027AF207200BECA22 /* DimmedView.swift */,
				5B63BBF227AF2A6C00BECA22 /* PresentAnimation.swift */,
				5B63BBF827AF35EA00BECA22 /* DismissAnimation.swift */,
				5B63BBDF27AEEDCB00BECA22 /* Assets.xcassets */,
				5B63BBE127AEEDCB00BECA22 /* LaunchScreen.storyboard */,
				5B63BBE427AEEDCB00BECA22 /* Info.plist */,
			);
			path = CustomTransition;
			sourceTree = "<group>";
		};
/* End PBXGroup section */

/* Begin PBXNativeTarget section */
		5B63BBD227AEEDC800BECA22 /* CustomTransition */ = {
			isa = PBXNativeTarget;
			buildConfigurationList = 5B63BBE727AEEDCB00BECA22 /* Build configuration list for PBXNativeTarget "CustomTransition" */;
			buildPhases = (
				5B63BBCF27AEEDC800BECA22 /* Sources */,
				5B63BBD027AEEDC800BECA22 /* Frameworks */,
				5B63BBD127AEEDC800BECA22 /* Resources */,
			);
			buildRules = (
			);
			dependencies = (
			);
			name = CustomTransition;
			productName = CustomTransition;
			productReference = 5B63BBD327AEEDC800BECA22 /* CustomTransition.app */;
			productType = "com.apple.product-type.application";
		};
/* End PBXNativeTarget section */

/* Begin PBXProject section */
		5B63BBCB27AEEDC800BECA22 /* Project object */ = {
			isa = PBXProject;
			attributes = {
				LastSwiftUpdateCheck = 1250;
				LastUpgradeCheck = 1250;
				TargetAttributes = {
					5B63BBD227AEEDC800BECA22 = {
						CreatedOnToolsVersion = 12.5.1;
					};
				};
			};
			buildConfigurationList = 5B63BBCE27AEEDC800BECA22 /* Build configuration list for PBXProject "CustomTransition" */;
			compatibilityVersion = "Xcode 9.3";
			developmentRegion = en;
			hasScannedForEncodings = 0;
			knownRegions = (
				en,
				Base,
			);
			mainGroup = 5B63BBCA27AEEDC800BECA22;
			productRefGroup = 5B63BBD427AEEDC800BECA22 /* Products */;
			projectDirPath = "";
			projectRoot = "";
			targets = (
				5B63BBD227AEEDC800BECA22 /* CustomTransition */,
			);
		};
/* End PBXProject section */

/* Begin PBXResourcesBuildPhase section */
		5B63BBD127AEEDC800BECA22 /* Resources */ = {
			isa = PBXResourcesBuildPhase;
			buildActionMask = 2147483647;
			files = (
				5B63BBE327AEEDCB00BECA22 /* LaunchScreen.storyboard in Resources */,
				5B63BBE027AEEDCB00BECA22 /* Assets.xcassets in Resources */,
			);
			runOnlyForDeploymentPostprocessing = 0;
		};
/* End PBXResourcesBuildPhase section */

/* Begin PBXSourcesBuildPhase section */
		5B63BBCF27AEEDC800BECA22 /* Sources */ = {
			isa = PBXSourcesBuildPhase;
			buildActionMask = 2147483647;
			files = (
				5B63BBF127AF207200BECA22 /* DimmedView.swift in Sources */,
				5B63BBF727AF307900BECA22 /* PresentedView.swift in Sources */,
				5B63BBF927AF35EA00BECA22 /* DismissAnimation.swift in Sources */,
				5B63BBDB27AEEDC800BECA22 /* ViewController.swift in Sources */,
				5B63BBF327AF2A6C00BECA22 /* PresentAnimation.swift in Sources */,
				5B63BBD727AEEDC800BECA22 /* AppDelegate.swift in Sources */,
				5B63BBEB27AEF0C400BECA22 /* TransitioningDelegate.swift in Sources */,
				5B63BBF527AF305800BECA22 /* PresentedViewController.swift in Sources */,
				5B63BBD927AEEDC800BECA22 /* SceneDelegate.swift in Sources */,
				5B63BBED27AEFBD000BECA22 /* PresentationController.swift in Sources */,
				5B63BBEF27AF203F00BECA22 /* DimmedPresentationController.swift in Sources */,
			);
			runOnlyForDeploymentPostprocessing = 0;
		};
/* End PBXSourcesBuildPhase section */

/* Begin PBXVariantGroup section */
		5B63BBE127AEEDCB00BECA22 /* LaunchScreen.storyboard */ = {
			isa = PBXVariantGroup;
			children = (
				5B63BBE227AEEDCB00BECA22 /* Base */,
			);
			name = LaunchScreen.storyboard;
			sourceTree = "<group>";
		};
/* End PBXVariantGroup section */

/* Begin XCBuildConfiguration section */
		5B63BBE527AEEDCB00BECA22 /* Debug */ = {
			isa = XCBuildConfiguration;
			buildSettings = {
				ALWAYS_SEARCH_USER_PATHS = NO;
				CLANG_ANALYZER_NONNULL = YES;
				CLANG_ANALYZER_NUMBER_OBJECT_CONVERSION = YES_AGGRESSIVE;
				CLANG_CXX_LANGUAGE_STANDARD = "gnu++14";
				CLANG_CXX_LIBRARY = "libc++";
				CLANG_ENABLE_MODULES = YES;
				CLANG_ENABLE_OBJC_ARC = YES;
				CLANG_ENABLE_OBJC_WEAK = YES;
				CLANG_WARN_BLOCK_CAPTURE_AUTORELEASING = YES;
				CLANG_WARN_BOOL_CONVERSION = YES;
				CLANG_WARN_COMMA = YES;
				CLANG_WARN_CONSTANT_CONVERSION = YES;
				CLANG_WARN_DEPRECATED_OBJC_IMPLEMENTATIONS = YES;
				CLANG_WARN_DIRECT_OBJC_ISA_USAGE = YES_ERROR;
				CLANG_WARN_DOCUMENTATION_COMMENTS = YES;
				CLANG_WARN_EMPTY_BODY = YES;
				CLANG_WARN_ENUM_CONVERSION = YES;
				CLANG_WARN_INFINITE_RECURSION = YES;
				CLANG_WARN_INT_CONVERSION = YES;
				CLANG_WARN_NON_LITERAL_NULL_CONVERSION = YES;
				CLANG_WARN_OBJC_IMPLICIT_RETAIN_SELF = YES;
				CLANG_WARN_OBJC_LITERAL_CONVERSION = YES;
				CLANG_WARN_OBJC_ROOT_CLASS = YES_ERROR;
				CLANG_WARN_QUOTED_INCLUDE_IN_FRAMEWORK_HEADER = YES;
				CLANG_WARN_RANGE_LOOP_ANALYSIS = YES;
				CLANG_WARN_STRICT_PROTOTYPES = YES;
				CLANG_WARN_SUSPICIOUS_MOVE = YES;
				CLANG_WARN_UNGUARDED_AVAILABILITY = YES_AGGRESSIVE;
				CLANG_WARN_UNREACHABLE_CODE = YES;
				CLANG_WARN__DUPLICATE_METHOD_MATCH = YES;
				COPY_PHASE_STRIP = NO;
				DEBUG_INFORMATION_FORMAT = dwarf;
				ENABLE_STRICT_OBJC_MSGSEND = YES;
				ENABLE_TESTABILITY = YES;
				GCC_C_LANGUAGE_STANDARD = gnu11;
				GCC_DYNAMIC_NO_PIC = NO;
				GCC_NO_COMMON_BLOCKS = YES;
				GCC_OPTIMIZATION_LEVEL = 0;
				GCC_PREPROCESSOR_DEFINITIONS = (
					"DEBUG=1",
					"$(inherited)",
				);
				GCC_WARN_64_TO_32_BIT_CONVERSION = YES;
				GCC_WARN_ABOUT_RETURN_TYPE = YES_ERROR;
				GCC_WARN_UNDECLARED_SELECTOR = YES;
				GCC_WARN_UNINITIALIZED_AUTOS = YES_AGGRESSIVE;
				GCC_WARN_UNUSED_FUNCTION = YES;
				GCC_WARN_UNUSED_VARIABLE = YES;
				IPHONEOS_DEPLOYMENT_TARGET = 14.5;
				MTL_ENABLE_DEBUG_INFO = INCLUDE_SOURCE;
				MTL_FAST_MATH = YES;
				ONLY_ACTIVE_ARCH = YES;
				SDKROOT = iphoneos;
				SWIFT_ACTIVE_COMPILATION_CONDITIONS = DEBUG;
				SWIFT_OPTIMIZATION_LEVEL = "-Onone";
			};
			name = Debug;
		};
		5B63BBE627AEEDCB00BECA22 /* Release */ = {
			isa = XCBuildConfiguration;
			buildSettings = {
				ALWAYS_SEARCH_USER_PATHS = NO;
				CLANG_ANALYZER_NONNULL = YES;
				CLANG_ANALYZER_NUMBER_OBJECT_CONVERSION = YES_AGGRESSIVE;
				CLANG_CXX_LANGUAGE_STANDARD = "gnu++14";
				CLANG_CXX_LIBRARY = "libc++";
				CLANG_ENABLE_MODULES = YES;
				CLANG_ENABLE_OBJC_ARC = YES;
				CLANG_ENABLE_OBJC_WEAK = YES;
				CLANG_WARN_BLOCK_CAPTURE_AUTORELEASING = YES;
				CLANG_WARN_BOOL_CONVERSION = YES;
				CLANG_WARN_COMMA = YES;
				CLANG_WARN_CONSTANT_CONVERSION = YES;
				CLANG_WARN_DEPRECATED_OBJC_IMPLEMENTATIONS = YES;
				CLANG_WARN_DIRECT_OBJC_ISA_USAGE = YES_ERROR;
				CLANG_WARN_DOCUMENTATION_COMMENTS = YES;
				CLANG_WARN_EMPTY_BODY = YES;
				CLANG_WARN_ENUM_CONVERSION = YES;
				CLANG_WARN_INFINITE_RECURSION = YES;
				CLANG_WARN_INT_CONVERSION = YES;
				CLANG_WARN_NON_LITERAL_NULL_CONVERSION = YES;
				CLANG_WARN_OBJC_IMPLICIT_RETAIN_SELF = YES;
				CLANG_WARN_OBJC_LITERAL_CONVERSION = YES;
				CLANG_WARN_OBJC_ROOT_CLASS = YES_ERROR;
				CLANG_WARN_QUOTED_INCLUDE_IN_FRAMEWORK_HEADER = YES;
				CLANG_WARN_RANGE_LOOP_ANALYSIS = YES;
				CLANG_WARN_STRICT_PROTOTYPES = YES;
				CLANG_WARN_SUSPICIOUS_MOVE = YES;
				CLANG_WARN_UNGUARDED_AVAILABILITY = YES_AGGRESSIVE;
				CLANG_WARN_UNREACHABLE_CODE = YES;
				CLANG_WARN__DUPLICATE_METHOD_MATCH = YES;
				COPY_PHASE_STRIP = NO;
				DEBUG_INFORMATION_FORMAT = "dwarf-with-dsym";
				ENABLE_NS_ASSERTIONS = NO;
				ENABLE_STRICT_OBJC_MSGSEND = YES;
				GCC_C_LANGUAGE_STANDARD = gnu11;
				GCC_NO_COMMON_BLOCKS = YES;
				GCC_WARN_64_TO_32_BIT_CONVERSION = YES;
				GCC_WARN_ABOUT_RETURN_TYPE = YES_ERROR;
				GCC_WARN_UNDECLARED_SELECTOR = YES;
				GCC_WARN_UNINITIALIZED_AUTOS = YES_AGGRESSIVE;
				GCC_WARN_UNUSED_FUNCTION = YES;
				GCC_WARN_UNUSED_VARIABLE = YES;
				IPHONEOS_DEPLOYMENT_TARGET = 14.5;
				MTL_ENABLE_DEBUG_INFO = NO;
				MTL_FAST_MATH = YES;
				SDKROOT = iphoneos;
				SWIFT_COMPILATION_MODE = wholemodule;
				SWIFT_OPTIMIZATION_LEVEL = "-O";
				VALIDATE_PRODUCT = YES;
			};
			name = Release;
		};
		5B63BBE827AEEDCB00BECA22 /* Debug */ = {
			isa = XCBuildConfiguration;
			buildSettings = {
				ASSETCATALOG_COMPILER_APPICON_NAME = AppIcon;
				ASSETCATALOG_COMPILER_GLOBAL_ACCENT_COLOR_NAME = AccentColor;
				CODE_SIGN_STYLE = Automatic;
				DEVELOPMENT_TEAM = 2LK8N5HS5N;
				INFOPLIST_FILE = CustomTransition/Info.plist;
				LD_RUNPATH_SEARCH_PATHS = (
					"$(inherited)",
					"@executable_path/Frameworks",
				);
				PRODUCT_BUNDLE_IDENTIFIER = skopanitskyi.CustomTransition;
				PRODUCT_NAME = "$(TARGET_NAME)";
				SWIFT_VERSION = 5.0;
				TARGETED_DEVICE_FAMILY = "1,2";
			};
			name = Debug;
		};
		5B63BBE927AEEDCB00BECA22 /* Release */ = {
			isa = XCBuildConfiguration;
			buildSettings = {
				ASSETCATALOG_COMPILER_APPICON_NAME = AppIcon;
				ASSETCATALOG_COMPILER_GLOBAL_ACCENT_COLOR_NAME = AccentColor;
				CODE_SIGN_STYLE = Automatic;
				DEVELOPMENT_TEAM = 2LK8N5HS5N;
				INFOPLIST_FILE = CustomTransition/Info.plist;
				LD_RUNPATH_SEARCH_PATHS = (
					"$(inherited)",
					"@executable_path/Frameworks",
				);
				PRODUCT_BUNDLE_IDENTIFIER = skopanitskyi.CustomTransition;
				PRODUCT_NAME = "$(TARGET_NAME)";
				SWIFT_VERSION = 5.0;
				TARGETED_DEVICE_FAMILY = "1,2";
			};
			name = Release;
		};
/* End XCBuildConfiguration section */

/* Begin XCConfigurationList section */
		5B63BBCE27AEEDC800BECA22 /* Build configuration list for PBXProject "CustomTransition" */ = {
			isa = XCConfigurationList;
			buildConfigurations = (
				5B63BBE527AEEDCB00BECA22 /* Debug */,
				5B63BBE627AEEDCB00BECA22 /* Release */,
			);
			defaultConfigurationIsVisible = 0;
			defaultConfigurationName = Release;
		};
		5B63BBE727AEEDCB00BECA22 /* Build configuration list for PBXNativeTarget "CustomTransition" */ = {
			isa = XCConfigurationList;
			buildConfigurations = (
				5B63BBE827AEEDCB00BECA22 /* Debug */,
				5B63BBE927AEEDCB00BECA22 /* Release */,
			);
			defaultConfigurationIsVisible = 0;
			defaultConfigurationName = Release;
		};
/* End XCConfigurationList section */
	};
	rootObject = 5B63BBCB27AEEDC800BECA22 /* Project object */;
}
